// !$*UTF8*$!
{
	archiveVersion = 1;
	classes = {
	};
	objectVersion = 46;
	objects = {

/* Begin PBXBuildFile section */
		296DFAC61CA6784800302453 /* JSONprocessing.swift in Sources */ = {isa = PBXBuildFile; fileRef = 296DFAC51CA6784800302453 /* JSONprocessing.swift */; };
		29887FF81CB3A95000BC3556 /* LIbrary.swift in Sources */ = {isa = PBXBuildFile; fileRef = 29887FF71CB3A95000BC3556 /* LIbrary.swift */; };
		29A6CDD81CB3B38E00FE15FA /* LybraryViewController.swift in Sources */ = {isa = PBXBuildFile; fileRef = 29A6CDD71CB3B38E00FE15FA /* LybraryViewController.swift */; };
		29BC8A531CA303DD00B09B6D /* AppDelegate.swift in Sources */ = {isa = PBXBuildFile; fileRef = 29BC8A521CA303DD00B09B6D /* AppDelegate.swift */; };
		29BC8A581CA303DD00B09B6D /* Main.storyboard in Resources */ = {isa = PBXBuildFile; fileRef = 29BC8A561CA303DD00B09B6D /* Main.storyboard */; };
		29BC8A5A1CA303DE00B09B6D /* Assets.xcassets in Resources */ = {isa = PBXBuildFile; fileRef = 29BC8A591CA303DE00B09B6D /* Assets.xcassets */; };
		29BC8A5D1CA303DE00B09B6D /* LaunchScreen.storyboard in Resources */ = {isa = PBXBuildFile; fileRef = 29BC8A5B1CA303DE00B09B6D /* LaunchScreen.storyboard */; };
		29BC8A681CA303DE00B09B6D /* abkHackerBooksTests.swift in Sources */ = {isa = PBXBuildFile; fileRef = 29BC8A671CA303DE00B09B6D /* abkHackerBooksTests.swift */; };
		29D5D1DD1CB3AC7D008C7E4F /* Book.swift in Sources */ = {isa = PBXBuildFile; fileRef = 29D5D1DC1CB3AC7D008C7E4F /* Book.swift */; };
/* End PBXBuildFile section */

/* Begin PBXContainerItemProxy section */
		29BC8A641CA303DE00B09B6D /* PBXContainerItemProxy */ = {
			isa = PBXContainerItemProxy;
			containerPortal = 29BC8A471CA303DD00B09B6D /* Project object */;
			proxyType = 1;
			remoteGlobalIDString = 29BC8A4E1CA303DD00B09B6D;
			remoteInfo = abkHackerBooks;
		};
/* End PBXContainerItemProxy section */

/* Begin PBXFileReference section */
		296DFAC41CA6779F00302453 /* books_readable-3.json */ = {isa = PBXFileReference; lastKnownFileType = text.json; path = "books_readable-3.json"; sourceTree = "<group>"; };
		296DFAC51CA6784800302453 /* JSONprocessing.swift */ = {isa = PBXFileReference; fileEncoding = 4; lastKnownFileType = sourcecode.swift; path = JSONprocessing.swift; sourceTree = "<group>"; };
		297978F41CA6AF4C0019998E /* pruebas.playground */ = {isa = PBXFileReference; lastKnownFileType = file.playground; path = pruebas.playground; sourceTree = "<group>"; };
		29887FF71CB3A95000BC3556 /* LIbrary.swift */ = {isa = PBXFileReference; fileEncoding = 4; lastKnownFileType = sourcecode.swift; path = LIbrary.swift; sourceTree = "<group>"; };
		29A6CDD71CB3B38E00FE15FA /* LybraryViewController.swift */ = {isa = PBXFileReference; fileEncoding = 4; lastKnownFileType = sourcecode.swift; path = LybraryViewController.swift; sourceTree = "<group>"; };
		29BC8A4F1CA303DD00B09B6D /* abkHackerBooks.app */ = {isa = PBXFileReference; explicitFileType = wrapper.application; includeInIndex = 0; path = abkHackerBooks.app; sourceTree = BUILT_PRODUCTS_DIR; };
		29BC8A521CA303DD00B09B6D /* AppDelegate.swift */ = {isa = PBXFileReference; lastKnownFileType = sourcecode.swift; path = AppDelegate.swift; sourceTree = "<group>"; };
		29BC8A571CA303DD00B09B6D /* Base */ = {isa = PBXFileReference; lastKnownFileType = file.storyboard; name = Base; path = Base.lproj/Main.storyboard; sourceTree = "<group>"; };
		29BC8A591CA303DE00B09B6D /* Assets.xcassets */ = {isa = PBXFileReference; lastKnownFileType = folder.assetcatalog; path = Assets.xcassets; sourceTree = "<group>"; };
		29BC8A5C1CA303DE00B09B6D /* Base */ = {isa = PBXFileReference; lastKnownFileType = file.storyboard; name = Base; path = Base.lproj/LaunchScreen.storyboard; sourceTree = "<group>"; };
		29BC8A5E1CA303DE00B09B6D /* Info.plist */ = {isa = PBXFileReference; lastKnownFileType = text.plist.xml; path = Info.plist; sourceTree = "<group>"; };
		29BC8A631CA303DE00B09B6D /* abkHackerBooksTests.xctest */ = {isa = PBXFileReference; explicitFileType = wrapper.cfbundle; includeInIndex = 0; path = abkHackerBooksTests.xctest; sourceTree = BUILT_PRODUCTS_DIR; };
		29BC8A671CA303DE00B09B6D /* abkHackerBooksTests.swift */ = {isa = PBXFileReference; lastKnownFileType = sourcecode.swift; path = abkHackerBooksTests.swift; sourceTree = "<group>"; };
		29BC8A691CA303DE00B09B6D /* Info.plist */ = {isa = PBXFileReference; lastKnownFileType = text.plist.xml; path = Info.plist; sourceTree = "<group>"; };
		29D5D1DC1CB3AC7D008C7E4F /* Book.swift */ = {isa = PBXFileReference; fileEncoding = 4; lastKnownFileType = sourcecode.swift; path = Book.swift; sourceTree = "<group>"; };
/* End PBXFileReference section */

/* Begin PBXFrameworksBuildPhase section */
		29BC8A4C1CA303DD00B09B6D /* Frameworks */ = {
			isa = PBXFrameworksBuildPhase;
			buildActionMask = 2147483647;
			files = (
			);
			runOnlyForDeploymentPostprocessing = 0;
		};
		29BC8A601CA303DE00B09B6D /* Frameworks */ = {
			isa = PBXFrameworksBuildPhase;
			buildActionMask = 2147483647;
			files = (
			);
			runOnlyForDeploymentPostprocessing = 0;
		};
/* End PBXFrameworksBuildPhase section */

/* Begin PBXGroup section */
		29887FF51CB3A84200BC3556 /* Resources */ = {
			isa = PBXGroup;
			children = (
				296DFAC41CA6779F00302453 /* books_readable-3.json */,
			);
			name = Resources;
			sourceTree = "<group>";
		};
		29887FF61CB3A85800BC3556 /* Model */ = {
			isa = PBXGroup;
			children = (
				29D5D1DC1CB3AC7D008C7E4F /* Book.swift */,
				29887FF71CB3A95000BC3556 /* LIbrary.swift */,
			);
			name = Model;
			sourceTree = "<group>";
		};
		29A6CDDA1CB3B3D600FE15FA /* Controllers */ = {
			isa = PBXGroup;
			children = (
				29A6CDD71CB3B38E00FE15FA /* LybraryViewController.swift */,
			);
			name = Controllers;
			sourceTree = "<group>";
		};
		29BC8A461CA303DD00B09B6D = {
			isa = PBXGroup;
			children = (
				29BC8A511CA303DD00B09B6D /* abkHackerBooks */,
				29BC8A661CA303DE00B09B6D /* abkHackerBooksTests */,
				29BC8A501CA303DD00B09B6D /* Products */,
			);
			sourceTree = "<group>";
		};
		29BC8A501CA303DD00B09B6D /* Products */ = {
			isa = PBXGroup;
			children = (
				29BC8A4F1CA303DD00B09B6D /* abkHackerBooks.app */,
				29BC8A631CA303DE00B09B6D /* abkHackerBooksTests.xctest */,
			);
			name = Products;
			sourceTree = "<group>";
		};
		29BC8A511CA303DD00B09B6D /* abkHackerBooks */ = {
			isa = PBXGroup;
			children = (
				29887FF51CB3A84200BC3556 /* Resources */,
				296DFAC51CA6784800302453 /* JSONprocessing.swift */,
				29BC8A521CA303DD00B09B6D /* AppDelegate.swift */,
				29BC8A561CA303DD00B09B6D /* Main.storyboard */,
				29BC8A591CA303DE00B09B6D /* Assets.xcassets */,
				29BC8A5B1CA303DE00B09B6D /* LaunchScreen.storyboard */,
				29BC8A5E1CA303DE00B09B6D /* Info.plist */,
				29887FF61CB3A85800BC3556 /* Model */,
				297978F41CA6AF4C0019998E /* pruebas.playground */,
				29A6CDDA1CB3B3D600FE15FA /* Controllers */,
			);
			path = abkHackerBooks;
			sourceTree = "<group>";
		};
		29BC8A661CA303DE00B09B6D /* abkHackerBooksTests */ = {
			isa = PBXGroup;
			children = (
				29BC8A671CA303DE00B09B6D /* abkHackerBooksTests.swift */,
				29BC8A691CA303DE00B09B6D /* Info.plist */,
			);
			path = abkHackerBooksTests;
			sourceTree = "<group>";
		};
/* End PBXGroup section */

/* Begin PBXNativeTarget section */
		29BC8A4E1CA303DD00B09B6D /* abkHackerBooks */ = {
			isa = PBXNativeTarget;
			buildConfigurationList = 29BC8A6C1CA303DE00B09B6D /* Build configuration list for PBXNativeTarget "abkHackerBooks" */;
			buildPhases = (
				29BC8A4B1CA303DD00B09B6D /* Sources */,
				29BC8A4C1CA303DD00B09B6D /* Frameworks */,
				29BC8A4D1CA303DD00B09B6D /* Resources */,
			);
			buildRules = (
			);
			dependencies = (
			);
			name = abkHackerBooks;
			productName = abkHackerBooks;
			productReference = 29BC8A4F1CA303DD00B09B6D /* abkHackerBooks.app */;
			productType = "com.apple.product-type.application";
		};
		29BC8A621CA303DE00B09B6D /* abkHackerBooksTests */ = {
			isa = PBXNativeTarget;
			buildConfigurationList = 29BC8A6F1CA303DE00B09B6D /* Build configuration list for PBXNativeTarget "abkHackerBooksTests" */;
			buildPhases = (
				29BC8A5F1CA303DE00B09B6D /* Sources */,
				29BC8A601CA303DE00B09B6D /* Frameworks */,
				29BC8A611CA303DE00B09B6D /* Resources */,
			);
			buildRules = (
			);
			dependencies = (
				29BC8A651CA303DE00B09B6D /* PBXTargetDependency */,
			);
			name = abkHackerBooksTests;
			productName = abkHackerBooksTests;
			productReference = 29BC8A631CA303DE00B09B6D /* abkHackerBooksTests.xctest */;
			productType = "com.apple.product-type.bundle.unit-test";
		};
/* End PBXNativeTarget section */

/* Begin PBXProject section */
		29BC8A471CA303DD00B09B6D /* Project object */ = {
			isa = PBXProject;
			attributes = {
				LastSwiftUpdateCheck = 0720;
				LastUpgradeCheck = 0720;
				ORGANIZATIONNAME = Barquin;
				TargetAttributes = {
					29BC8A4E1CA303DD00B09B6D = {
						CreatedOnToolsVersion = 7.2.1;
						DevelopmentTeam = F4WXYUP586;
					};
					29BC8A621CA303DE00B09B6D = {
						CreatedOnToolsVersion = 7.2.1;
						DevelopmentTeam = F4WXYUP586;
						TestTargetID = 29BC8A4E1CA303DD00B09B6D;
					};
				};
			};
			buildConfigurationList = 29BC8A4A1CA303DD00B09B6D /* Build configuration list for PBXProject "abkHackerBooks" */;
			compatibilityVersion = "Xcode 3.2";
			developmentRegion = English;
			hasScannedForEncodings = 0;
			knownRegions = (
				en,
				Base,
			);
			mainGroup = 29BC8A461CA303DD00B09B6D;
			productRefGroup = 29BC8A501CA303DD00B09B6D /* Products */;
			projectDirPath = "";
			projectRoot = "";
			targets = (
				29BC8A4E1CA303DD00B09B6D /* abkHackerBooks */,
				29BC8A621CA303DE00B09B6D /* abkHackerBooksTests */,
			);
		};
/* End PBXProject section */

/* Begin PBXResourcesBuildPhase section */
		29BC8A4D1CA303DD00B09B6D /* Resources */ = {
			isa = PBXResourcesBuildPhase;
			buildActionMask = 2147483647;
			files = (
				29BC8A5D1CA303DE00B09B6D /* LaunchScreen.storyboard in Resources */,
				29BC8A5A1CA303DE00B09B6D /* Assets.xcassets in Resources */,
				29BC8A581CA303DD00B09B6D /* Main.storyboard in Resources */,
			);
			runOnlyForDeploymentPostprocessing = 0;
		};
		29BC8A611CA303DE00B09B6D /* Resources */ = {
			isa = PBXResourcesBuildPhase;
			buildActionMask = 2147483647;
			files = (
			);
			runOnlyForDeploymentPostprocessing = 0;
		};
/* End PBXResourcesBuildPhase section */

/* Begin PBXSourcesBuildPhase section */
		29BC8A4B1CA303DD00B09B6D /* Sources */ = {
			isa = PBXSourcesBuildPhase;
			buildActionMask = 2147483647;
			files = (
				29BC8A531CA303DD00B09B6D /* AppDelegate.swift in Sources */,
				296DFAC61CA6784800302453 /* JSONprocessing.swift in Sources */,
				29A6CDD81CB3B38E00FE15FA /* LybraryViewController.swift in Sources */,
				29D5D1DD1CB3AC7D008C7E4F /* Book.swift in Sources */,
				29887FF81CB3A95000BC3556 /* LIbrary.swift in Sources */,
			);
			runOnlyForDeploymentPostprocessing = 0;
		};
		29BC8A5F1CA303DE00B09B6D /* Sources */ = {
			isa = PBXSourcesBuildPhase;
			buildActionMask = 2147483647;
			files = (
				29BC8A681CA303DE00B09B6D /* abkHackerBooksTests.swift in Sources */,
			);
			runOnlyForDeploymentPostprocessing = 0;
		};
/* End PBXSourcesBuildPhase section */

/* Begin PBXTargetDependency section */
		29BC8A651CA303DE00B09B6D /* PBXTargetDependency */ = {
			isa = PBXTargetDependency;
			target = 29BC8A4E1CA303DD00B09B6D /* abkHackerBooks */;
			targetProxy = 29BC8A641CA303DE00B09B6D /* PBXContainerItemProxy */;
		};
/* End PBXTargetDependency section */

/* Begin PBXVariantGroup section */
		29BC8A561CA303DD00B09B6D /* Main.storyboard */ = {
			isa = PBXVariantGroup;
			children = (
				29BC8A571CA303DD00B09B6D /* Base */,
			);
			name = Main.storyboard;
			sourceTree = "<group>";
		};
		29BC8A5B1CA303DE00B09B6D /* LaunchScreen.storyboard */ = {
			isa = PBXVariantGroup;
			children = (
				29BC8A5C1CA303DE00B09B6D /* Base */,
			);
			name = LaunchScreen.storyboard;
			sourceTree = "<group>";
		};
/* End PBXVariantGroup section */

/* Begin XCBuildConfiguration section */
		29BC8A6A1CA303DE00B09B6D /* Debug */ = {
			isa = XCBuildConfiguration;
			buildSettings = {
				ALWAYS_SEARCH_USER_PATHS = NO;
				CLANG_CXX_LANGUAGE_STANDARD = "gnu++0x";
				CLANG_CXX_LIBRARY = "libc++";
				CLANG_ENABLE_MODULES = YES;
				CLANG_ENABLE_OBJC_ARC = YES;
				CLANG_WARN_BOOL_CONVERSION = YES;
				CLANG_WARN_CONSTANT_CONVERSION = YES;
				CLANG_WARN_DIRECT_OBJC_ISA_USAGE = YES_ERROR;
				CLANG_WARN_EMPTY_BODY = YES;
				CLANG_WARN_ENUM_CONVERSION = YES;
				CLANG_WARN_INT_CONVERSION = YES;
				CLANG_WARN_OBJC_ROOT_CLASS = YES_ERROR;
				CLANG_WARN_UNREACHABLE_CODE = YES;
				CLANG_WARN__DUPLICATE_METHOD_MATCH = YES;
				"CODE_SIGN_IDENTITY[sdk=iphoneos*]" = "iPhone Developer";
				COPY_PHASE_STRIP = NO;
				DEBUG_INFORMATION_FORMAT = dwarf;
				ENABLE_STRICT_OBJC_MSGSEND = YES;
				ENABLE_TESTABILITY = YES;
				GCC_C_LANGUAGE_STANDARD = gnu99;
				GCC_DYNAMIC_NO_PIC = NO;
				GCC_NO_COMMON_BLOCKS = YES;
				GCC_OPTIMIZATION_LEVEL = 0;
				GCC_PREPROCESSOR_DEFINITIONS = (
					"DEBUG=1",
					"$(inherited)",
				);
				GCC_WARN_64_TO_32_BIT_CONVERSION = YES;
				GCC_WARN_ABOUT_RETURN_TYPE = YES_ERROR;
				GCC_WARN_UNDECLARED_SELECTOR = YES;
				GCC_WARN_UNINITIALIZED_AUTOS = YES_AGGRESSIVE;
				GCC_WARN_UNUSED_FUNCTION = YES;
				GCC_WARN_UNUSED_VARIABLE = YES;
				IPHONEOS_DEPLOYMENT_TARGET = 9.2;
				MTL_ENABLE_DEBUG_INFO = YES;
				ONLY_ACTIVE_ARCH = YES;
				SDKROOT = iphoneos;
				SWIFT_OPTIMIZATION_LEVEL = "-Onone";
				TARGETED_DEVICE_FAMILY = "1,2";
			};
			name = Debug;
		};
		29BC8A6B1CA303DE00B09B6D /* Release */ = {
			isa = XCBuildConfiguration;
			buildSettings = {
				ALWAYS_SEARCH_USER_PATHS = NO;
				CLANG_CXX_LANGUAGE_STANDARD = "gnu++0x";
				CLANG_CXX_LIBRARY = "libc++";
				CLANG_ENABLE_MODULES = YES;
				CLANG_ENABLE_OBJC_ARC = YES;
				CLANG_WARN_BOOL_CONVERSION = YES;
				CLANG_WARN_CONSTANT_CONVERSION = YES;
				CLANG_WARN_DIRECT_OBJC_ISA_USAGE = YES_ERROR;
				CLANG_WARN_EMPTY_BODY = YES;
				CLANG_WARN_ENUM_CONVERSION = YES;
				CLANG_WARN_INT_CONVERSION = YES;
				CLANG_WARN_OBJC_ROOT_CLASS = YES_ERROR;
				CLANG_WARN_UNREACHABLE_CODE = YES;
				CLANG_WARN__DUPLICATE_METHOD_MATCH = YES;
				"CODE_SIGN_IDENTITY[sdk=iphoneos*]" = "iPhone Developer";
				COPY_PHASE_STRIP = NO;
				DEBUG_INFORMATION_FORMAT = "dwarf-with-dsym";
				ENABLE_NS_ASSERTIONS = NO;
				ENABLE_STRICT_OBJC_MSGSEND = YES;
				GCC_C_LANGUAGE_STANDARD = gnu99;
				GCC_NO_COMMON_BLOCKS = YES;
				GCC_WARN_64_TO_32_BIT_CONVERSION = YES;
				GCC_WARN_ABOUT_RETURN_TYPE = YES_ERROR;
				GCC_WARN_UNDECLARED_SELECTOR = YES;
				GCC_WARN_UNINITIALIZED_AUTOS = YES_AGGRESSIVE;
				GCC_WARN_UNUSED_FUNCTION = YES;
				GCC_WARN_UNUSED_VARIABLE = YES;
				IPHONEOS_DEPLOYMENT_TARGET = 9.2;
				MTL_ENABLE_DEBUG_INFO = NO;
				SDKROOT = iphoneos;
				TARGETED_DEVICE_FAMILY = "1,2";
				VALIDATE_PRODUCT = YES;
			};
			name = Release;
		};
		29BC8A6D1CA303DE00B09B6D /* Debug */ = {
			isa = XCBuildConfiguration;
			buildSettings = {
				ASSETCATALOG_COMPILER_APPICON_NAME = AppIcon;
				INFOPLIST_FILE = abkHackerBooks/Info.plist;
				LD_RUNPATH_SEARCH_PATHS = "$(inherited) @executable_path/Frameworks";
				PRODUCT_BUNDLE_IDENTIFIER = es.barquin.abkHackerBooks;
				PRODUCT_NAME = "$(TARGET_NAME)";
			};
			name = Debug;
		};
		29BC8A6E1CA303DE00B09B6D /* Release */ = {
			isa = XCBuildConfiguration;
			buildSettings = {
				ASSETCATALOG_COMPILER_APPICON_NAME = AppIcon;
				INFOPLIST_FILE = abkHackerBooks/Info.plist;
				LD_RUNPATH_SEARCH_PATHS = "$(inherited) @executable_path/Frameworks";
				PRODUCT_BUNDLE_IDENTIFIER = es.barquin.abkHackerBooks;
				PRODUCT_NAME = "$(TARGET_NAME)";
			};
			name = Release;
		};
		29BC8A701CA303DE00B09B6D /* Debug */ = {
			isa = XCBuildConfiguration;
			buildSettings = {
				BUNDLE_LOADER = "$(TEST_HOST)";
				INFOPLIST_FILE = abkHackerBooksTests/Info.plist;
				LD_RUNPATH_SEARCH_PATHS = "$(inherited) @executable_path/Frameworks @loader_path/Frameworks";
				PRODUCT_BUNDLE_IDENTIFIER = es.barquin.abkHackerBooksTests;
				PRODUCT_NAME = "$(TARGET_NAME)";
				TEST_HOST = "$(BUILT_PRODUCTS_DIR)/abkHackerBooks.app/abkHackerBooks";
			};
			name = Debug;
		};
		29BC8A711CA303DE00B09B6D /* Release */ = {
			isa = XCBuildConfiguration;
			buildSettings = {
				BUNDLE_LOADER = "$(TEST_HOST)";
				INFOPLIST_FILE = abkHackerBooksTests/Info.plist;
				LD_RUNPATH_SEARCH_PATHS = "$(inherited) @executable_path/Frameworks @loader_path/Frameworks";
				PRODUCT_BUNDLE_IDENTIFIER = es.barquin.abkHackerBooksTests;
				PRODUCT_NAME = "$(TARGET_NAME)";
				TEST_HOST = "$(BUILT_PRODUCTS_DIR)/abkHackerBooks.app/abkHackerBooks";
			};
			name = Release;
		};
/* End XCBuildConfiguration section */

/* Begin XCConfigurationList section */
		29BC8A4A1CA303DD00B09B6D /* Build configuration list for PBXProject "abkHackerBooks" */ = {
			isa = XCConfigurationList;
			buildConfigurations = (
				29BC8A6A1CA303DE00B09B6D /* Debug */,
				29BC8A6B1CA303DE00B09B6D /* Release */,
			);
			defaultConfigurationIsVisible = 0;
			defaultConfigurationName = Release;
		};
		29BC8A6C1CA303DE00B09B6D /* Build configuration list for PBXNativeTarget "abkHackerBooks" */ = {
			isa = XCConfigurationList;
			buildConfigurations = (
				29BC8A6D1CA303DE00B09B6D /* Debug */,
				29BC8A6E1CA303DE00B09B6D /* Release */,
			);
			defaultConfigurationIsVisible = 0;
			defaultConfigurationName = Release;
		};
		29BC8A6F1CA303DE00B09B6D /* Build configuration list for PBXNativeTarget "abkHackerBooksTests" */ = {
			isa = XCConfigurationList;
			buildConfigurations = (
				29BC8A701CA303DE00B09B6D /* Debug */,
				29BC8A711CA303DE00B09B6D /* Release */,
			);
			defaultConfigurationIsVisible = 0;
			defaultConfigurationName = Release;
		};
/* End XCConfigurationList section */
	};
	rootObject = 29BC8A471CA303DD00B09B6D /* Project object */;
}
